Microsoft Visual Studio Solution File, Format Version 11.00
# Visual Studio 2008

Project("{13A3BE9D-26EF-55E2-639C-4ECA27C523D8}") = "Ping Pong Game", "Assembly-CSharp.csproj", "{EB13FF42-6112-1850-99B2-70E191155D6C}"
EndProject
Project("{13A3BE9D-26EF-55E2-639C-4ECA27C523D8}") = "Ping Pong Game", "Assembly-CSharp-Editor.csproj", "{6BEB70A5-44BF-0378-E2E8-F8853412AE72}"
EndProject
Project("{13A3BE9D-26EF-55E2-639C-4ECA27C523D8}") = "Ping Pong Game", "Assembly-UnityScript-firstpass.unityproj", "{44B4F371-A6E5-7F05-7C5E-193873D9A17C}"
EndProject
Project("{13A3BE9D-26EF-55E2-639C-4ECA27C523D8}") = "Ping Pong Game", "Assembly-UnityScript.unityproj", "{FC667B35-B068-9E97-90AB-4C2EAD2AFBE4}"
EndProject
Global
	GlobalSection(SolutionConfigurationPlatforms) = preSolution
		Debug|Any CPU = Debug|Any CPU
		Release|Any CPU = Release|Any CPU
	EndGlobalSection
	GlobalSection(ProjectConfigurationPlatforms) = postSolution
		{EB13FF42-6112-1850-99B2-70E191155D6C}.Debug|Any CPU.ActiveCfg = Debug|Any CPU
		{EB13FF42-6112-1850-99B2-70E191155D6C}.Debug|Any CPU.Build.0 = Debug|Any CPU
		{EB13FF42-6112-1850-99B2-70E191155D6C}.Release|Any CPU.ActiveCfg = Release|Any CPU
		{EB13FF42-6112-1850-99B2-70E191155D6C}.Release|Any CPU.Build.0 = Release|Any CPU
		{6BEB70A5-44BF-0378-E2E8-F8853412AE72}.Debug|Any CPU.ActiveCfg = Debug|Any CPU
		{6BEB70A5-44BF-0378-E2E8-F8853412AE72}.Debug|Any CPU.Build.0 = Debug|Any CPU
		{6BEB70A5-44BF-0378-E2E8-F8853412AE72}.Release|Any CPU.ActiveCfg = Release|Any CPU
		{6BEB70A5-44BF-0378-E2E8-F8853412AE72}.Release|Any CPU.Build.0 = Release|Any CPU
		{44B4F371-A6E5-7F05-7C5E-193873D9A17C}.Debug|Any CPU.ActiveCfg = Debug|Any CPU
		{44B4F371-A6E5-7F05-7C5E-193873D9A17C}.Debug|Any CPU.Build.0 = Debug|Any CPU
		{44B4F371-A6E5-7F05-7C5E-193873D9A17C}.Release|Any CPU.ActiveCfg = Release|Any CPU
		{44B4F371-A6E5-7F05-7C5E-193873D9A17C}.Release|Any CPU.Build.0 = Release|Any CPU
		{FC667B35-B068-9E97-90AB-4C2EAD2AFBE4}.Debug|Any CPU.ActiveCfg = Debug|Any CPU
		{FC667B35-B068-9E97-90AB-4C2EAD2AFBE4}.Debug|Any CPU.Build.0 = Debug|Any CPU
		{FC667B35-B068-9E97-90AB-4C2EAD2AFBE4}.Release|Any CPU.ActiveCfg = Release|Any CPU
		{FC667B35-B068-9E97-90AB-4C2EAD2AFBE4}.Release|Any CPU.Build.0 = Release|Any CPU
	EndGlobalSection
	GlobalSection(SolutionProperties) = preSolution
		HideSolutionNode = FALSE
	EndGlobalSection
																																																																																																																		GlobalSection(MonoDevelopProperties) = preSolution
		StartupItem = Assembly-CSharp.csproj
		Policies = $0
		$0.TextStylePolicy = $1
		$1.inheritsSet = null
		$1.scope = text/x-csharp
		$0.CSharpFormattingPolicy = $2
		$2.inheritsSet = Mono
		$2.inheritsScope = text/x-csharp
		$2.scope = text/x-csharp
		$0.TextStylePolicy = $3
		$3.FileWidth = 120
		$3.TabWidth = 4
		$3.EolMarker = Unix
		$3.inheritsSet = Mono
		$3.inheritsScope = text/plain
		$3.scope = text/plain
	EndGlobalSection

EndGlobal
